
Microsoft Visual Studio Solution File, Format Version 12.00
# Visual Studio Version 17
VisualStudioVersion = 17.1.32407.343
MinimumVisualStudioVersion = 10.0.40219.1
Project("{FAE04EC0-301F-11D3-BF4B-00C04F79EFBC}") = "ConsoleUI", "ConsoleUI\ConsoleUI.csproj", "{9F9D1E60-0020-4445-B6A5-40125FCAF79E}"
EndProject
Project("{FAE04EC0-301F-11D3-BF4B-00C04F79EFBC}") = "Entities", "Entities\Entities.csproj", "{B4CED897-9723-4470-BCEC-7134CB25ADF9}"
EndProject
Project("{FAE04EC0-301F-11D3-BF4B-00C04F79EFBC}") = "Business", "Business\Business.csproj", "{3B30CD06-E2E7-4613-A2AD-259C89807CD5}"
EndProject
Project("{FAE04EC0-301F-11D3-BF4B-00C04F79EFBC}") = "DataAccess", "DataAccess\DataAccess.csproj", "{24BE616D-3998-4374-9456-3D7136E06F12}"
EndProject
Project("{FAE04EC0-301F-11D3-BF4B-00C04F79EFBC}") = "Core", "Core\Core.csproj", "{F9A4B78F-7F0C-4833-9A25-FD14897D2390}"
EndProject
Global
	GlobalSection(SolutionConfigurationPlatforms) = preSolution
		Debug|Any CPU = Debug|Any CPU
		Release|Any CPU = Release|Any CPU
	EndGlobalSection
	GlobalSection(ProjectConfigurationPlatforms) = postSolution
		{9F9D1E60-0020-4445-B6A5-40125FCAF79E}.Debug|Any CPU.ActiveCfg = Debug|Any CPU
		{9F9D1E60-0020-4445-B6A5-40125FCAF79E}.Debug|Any CPU.Build.0 = Debug|Any CPU
		{9F9D1E60-0020-4445-B6A5-40125FCAF79E}.Release|Any CPU.ActiveCfg = Release|Any CPU
		{9F9D1E60-0020-4445-B6A5-40125FCAF79E}.Release|Any CPU.Build.0 = Release|Any CPU
		{B4CED897-9723-4470-BCEC-7134CB25ADF9}.Debug|Any CPU.ActiveCfg = Debug|Any CPU
		{B4CED897-9723-4470-BCEC-7134CB25ADF9}.Debug|Any CPU.Build.0 = Debug|Any CPU
		{B4CED897-9723-4470-BCEC-7134CB25ADF9}.Release|Any CPU.ActiveCfg = Release|Any CPU
		{B4CED897-9723-4470-BCEC-7134CB25ADF9}.Release|Any CPU.Build.0 = Release|Any CPU
		{3B30CD06-E2E7-4613-A2AD-259C89807CD5}.Debug|Any CPU.ActiveCfg = Debug|Any CPU
		{3B30CD06-E2E7-4613-A2AD-259C89807CD5}.Debug|Any CPU.Build.0 = Debug|Any CPU
		{3B30CD06-E2E7-4613-A2AD-259C89807CD5}.Release|Any CPU.ActiveCfg = Release|Any CPU
		{3B30CD06-E2E7-4613-A2AD-259C89807CD5}.Release|Any CPU.Build.0 = Release|Any CPU
		{24BE616D-3998-4374-9456-3D7136E06F12}.Debug|Any CPU.ActiveCfg = Debug|Any CPU
		{24BE616D-3998-4374-9456-3D7136E06F12}.Debug|Any CPU.Build.0 = Debug|Any CPU
		{24BE616D-3998-4374-9456-3D7136E06F12}.Release|Any CPU.ActiveCfg = Release|Any CPU
		{24BE616D-3998-4374-9456-3D7136E06F12}.Release|Any CPU.Build.0 = Release|Any CPU
		{F9A4B78F-7F0C-4833-9A25-FD14897D2390}.Debug|Any CPU.ActiveCfg = Debug|Any CPU
		{F9A4B78F-7F0C-4833-9A25-FD14897D2390}.Debug|Any CPU.Build.0 = Debug|Any CPU
		{F9A4B78F-7F0C-4833-9A25-FD14897D2390}.Release|Any CPU.ActiveCfg = Release|Any CPU
		{F9A4B78F-7F0C-4833-9A25-FD14897D2390}.Release|Any CPU.Build.0 = Release|Any CPU
	EndGlobalSection
	GlobalSection(SolutionProperties) = preSolution
		HideSolutionNode = FALSE
	EndGlobalSection
	GlobalSection(ExtensibilityGlobals) = postSolution
		SolutionGuid = {2E09CCD6-6C3B-45C2-9F76-43AF0D3516E8}
	EndGlobalSection
EndGlobal
